// !$*UTF8*$!
{
	archiveVersion = 1;
	classes = {
	};
	objectVersion = 48;
	objects = {

/* Begin PBXBuildFile section */
		91764987204331FB005E9A3E /* AppDelegate.swift in Sources */ = {isa = PBXBuildFile; fileRef = 91764986204331FB005E9A3E /* AppDelegate.swift */; };
		91764989204331FB005E9A3E /* ViewController.swift in Sources */ = {isa = PBXBuildFile; fileRef = 91764988204331FB005E9A3E /* ViewController.swift */; };
		9176498C204331FB005E9A3E /* Main.storyboard in Resources */ = {isa = PBXBuildFile; fileRef = 9176498A204331FB005E9A3E /* Main.storyboard */; };
		9176498E204331FB005E9A3E /* Assets.xcassets in Resources */ = {isa = PBXBuildFile; fileRef = 9176498D204331FB005E9A3E /* Assets.xcassets */; };
		91764991204331FB005E9A3E /* LaunchScreen.storyboard in Resources */ = {isa = PBXBuildFile; fileRef = 9176498F204331FB005E9A3E /* LaunchScreen.storyboard */; };
		9176499C204331FB005E9A3E /* BowlingGameTests.swift in Sources */ = {isa = PBXBuildFile; fileRef = 9176499B204331FB005E9A3E /* BowlingGameTests.swift */; };
		917649A7204332FA005E9A3E /* Game.swift in Sources */ = {isa = PBXBuildFile; fileRef = 917649A6204332FA005E9A3E /* Game.swift */; };
/* End PBXBuildFile section */

/* Begin PBXContainerItemProxy section */
		91764998204331FB005E9A3E /* PBXContainerItemProxy */ = {
			isa = PBXContainerItemProxy;
			containerPortal = 9176497B204331FB005E9A3E /* Project object */;
			proxyType = 1;
			remoteGlobalIDString = 91764982204331FB005E9A3E;
			remoteInfo = BowlingGame;
		};
/* End PBXContainerItemProxy section */

/* Begin PBXFileReference section */
		91764983204331FB005E9A3E /* BowlingGame.app */ = {isa = PBXFileReference; explicitFileType = wrapper.application; includeInIndex = 0; path = BowlingGame.app; sourceTree = BUILT_PRODUCTS_DIR; };
		91764986204331FB005E9A3E /* AppDelegate.swift */ = {isa = PBXFileReference; lastKnownFileType = sourcecode.swift; path = AppDelegate.swift; sourceTree = "<group>"; };
		91764988204331FB005E9A3E /* ViewController.swift */ = {isa = PBXFileReference; lastKnownFileType = sourcecode.swift; path = ViewController.swift; sourceTree = "<group>"; };
		9176498B204331FB005E9A3E /* Base */ = {isa = PBXFileReference; lastKnownFileType = file.storyboard; name = Base; path = Base.lproj/Main.storyboard; sourceTree = "<group>"; };
		9176498D204331FB005E9A3E /* Assets.xcassets */ = {isa = PBXFileReference; lastKnownFileType = folder.assetcatalog; path = Assets.xcassets; sourceTree = "<group>"; };
		91764990204331FB005E9A3E /* Base */ = {isa = PBXFileReference; lastKnownFileType = file.storyboard; name = Base; path = Base.lproj/LaunchScreen.storyboard; sourceTree = "<group>"; };
		91764992204331FB005E9A3E /* Info.plist */ = {isa = PBXFileReference; lastKnownFileType = text.plist.xml; path = Info.plist; sourceTree = "<group>"; };
		91764997204331FB005E9A3E /* BowlingGameTests.xctest */ = {isa = PBXFileReference; explicitFileType = wrapper.cfbundle; includeInIndex = 0; path = BowlingGameTests.xctest; sourceTree = BUILT_PRODUCTS_DIR; };
		9176499B204331FB005E9A3E /* BowlingGameTests.swift */ = {isa = PBXFileReference; lastKnownFileType = sourcecode.swift; path = BowlingGameTests.swift; sourceTree = "<group>"; };
		9176499D204331FB005E9A3E /* Info.plist */ = {isa = PBXFileReference; lastKnownFileType = text.plist.xml; path = Info.plist; sourceTree = "<group>"; };
		917649A6204332FA005E9A3E /* Game.swift */ = {isa = PBXFileReference; lastKnownFileType = sourcecode.swift; path = Game.swift; sourceTree = "<group>"; };
/* End PBXFileReference section */

/* Begin PBXFrameworksBuildPhase section */
		91764980204331FB005E9A3E /* Frameworks */ = {
			isa = PBXFrameworksBuildPhase;
			buildActionMask = 2147483647;
			files = (
			);
			runOnlyForDeploymentPostprocessing = 0;
		};
		91764994204331FB005E9A3E /* Frameworks */ = {
			isa = PBXFrameworksBuildPhase;
			buildActionMask = 2147483647;
			files = (
			);
			runOnlyForDeploymentPostprocessing = 0;
		};
/* End PBXFrameworksBuildPhase section */

/* Begin PBXGroup section */
		9176497A204331FB005E9A3E = {
			isa = PBXGroup;
			children = (
				91764985204331FB005E9A3E /* BowlingGame */,
				9176499A204331FB005E9A3E /* BowlingGameTests */,
				91764984204331FB005E9A3E /* Products */,
			);
			sourceTree = "<group>";
		};
		91764984204331FB005E9A3E /* Products */ = {
			isa = PBXGroup;
			children = (
				91764983204331FB005E9A3E /* BowlingGame.app */,
				91764997204331FB005E9A3E /* BowlingGameTests.xctest */,
			);
			name = Products;
			sourceTree = "<group>";
		};
		91764985204331FB005E9A3E /* BowlingGame */ = {
			isa = PBXGroup;
			children = (
				91764986204331FB005E9A3E /* AppDelegate.swift */,
				917649A6204332FA005E9A3E /* Game.swift */,
				91764988204331FB005E9A3E /* ViewController.swift */,
				9176498A204331FB005E9A3E /* Main.storyboard */,
				9176498D204331FB005E9A3E /* Assets.xcassets */,
				9176498F204331FB005E9A3E /* LaunchScreen.storyboard */,
				91764992204331FB005E9A3E /* Info.plist */,
			);
			path = BowlingGame;
			sourceTree = "<group>";
		};
		9176499A204331FB005E9A3E /* BowlingGameTests */ = {
			isa = PBXGroup;
			children = (
				9176499B204331FB005E9A3E /* BowlingGameTests.swift */,
				9176499D204331FB005E9A3E /* Info.plist */,
			);
			path = BowlingGameTests;
			sourceTree = "<group>";
		};
/* End PBXGroup section */

/* Begin PBXNativeTarget section */
		91764982204331FB005E9A3E /* BowlingGame */ = {
			isa = PBXNativeTarget;
			buildConfigurationList = 917649A0204331FB005E9A3E /* Build configuration list for PBXNativeTarget "BowlingGame" */;
			buildPhases = (
				9176497F204331FB005E9A3E /* Sources */,
				91764980204331FB005E9A3E /* Frameworks */,
				91764981204331FB005E9A3E /* Resources */,
			);
			buildRules = (
			);
			dependencies = (
			);
			name = BowlingGame;
			productName = BowlingGame;
			productReference = 91764983204331FB005E9A3E /* BowlingGame.app */;
			productType = "com.apple.product-type.application";
		};
		91764996204331FB005E9A3E /* BowlingGameTests */ = {
			isa = PBXNativeTarget;
			buildConfigurationList = 917649A3204331FB005E9A3E /* Build configuration list for PBXNativeTarget "BowlingGameTests" */;
			buildPhases = (
				91764993204331FB005E9A3E /* Sources */,
				91764994204331FB005E9A3E /* Frameworks */,
				91764995204331FB005E9A3E /* Resources */,
			);
			buildRules = (
			);
			dependencies = (
				91764999204331FB005E9A3E /* PBXTargetDependency */,
			);
			name = BowlingGameTests;
			productName = BowlingGameTests;
			productReference = 91764997204331FB005E9A3E /* BowlingGameTests.xctest */;
			productType = "com.apple.product-type.bundle.unit-test";
		};
/* End PBXNativeTarget section */

/* Begin PBXProject section */
		9176497B204331FB005E9A3E /* Project object */ = {
			isa = PBXProject;
			attributes = {
				LastSwiftUpdateCheck = 0920;
				LastUpgradeCheck = 0920;
				ORGANIZATIONNAME = YongwooHuh;
				TargetAttributes = {
					91764982204331FB005E9A3E = {
						CreatedOnToolsVersion = 9.2;
						ProvisioningStyle = Automatic;
					};
					91764996204331FB005E9A3E = {
						CreatedOnToolsVersion = 9.2;
						ProvisioningStyle = Automatic;
						TestTargetID = 91764982204331FB005E9A3E;
					};
				};
			};
			buildConfigurationList = 9176497E204331FB005E9A3E /* Build configuration list for PBXProject "BowlingGame" */;
			compatibilityVersion = "Xcode 8.0";
			developmentRegion = en;
			hasScannedForEncodings = 0;
			knownRegions = (
				en,
				Base,
			);
			mainGroup = 9176497A204331FB005E9A3E;
			productRefGroup = 91764984204331FB005E9A3E /* Products */;
			projectDirPath = "";
			projectRoot = "";
			targets = (
				91764982204331FB005E9A3E /* BowlingGame */,
				91764996204331FB005E9A3E /* BowlingGameTests */,
			);
		};
/* End PBXProject section */

/* Begin PBXResourcesBuildPhase section */
		91764981204331FB005E9A3E /* Resources */ = {
			isa = PBXResourcesBuildPhase;
			buildActionMask = 2147483647;
			files = (
				91764991204331FB005E9A3E /* LaunchScreen.storyboard in Resources */,
				9176498E204331FB005E9A3E /* Assets.xcassets in Resources */,
				9176498C204331FB005E9A3E /* Main.storyboard in Resources */,
			);
			runOnlyForDeploymentPostprocessing = 0;
		};
		91764995204331FB005E9A3E /* Resources */ = {
			isa = PBXResourcesBuildPhase;
			buildActionMask = 2147483647;
			files = (
			);
			runOnlyForDeploymentPostprocessing = 0;
		};
/* End PBXResourcesBuildPhase section */

/* Begin PBXSourcesBuildPhase section */
		9176497F204331FB005E9A3E /* Sources */ = {
			isa = PBXSourcesBuildPhase;
			buildActionMask = 2147483647;
			files = (
				91764989204331FB005E9A3E /* ViewController.swift in Sources */,
				917649A7204332FA005E9A3E /* Game.swift in Sources */,
				91764987204331FB005E9A3E /* AppDelegate.swift in Sources */,
			);
			runOnlyForDeploymentPostprocessing = 0;
		};
		91764993204331FB005E9A3E /* Sources */ = {
			isa = PBXSourcesBuildPhase;
			buildActionMask = 2147483647;
			files = (
				9176499C204331FB005E9A3E /* BowlingGameTests.swift in Sources */,
			);
			runOnlyForDeploymentPostprocessing = 0;
		};
/* End PBXSourcesBuildPhase section */

/* Begin PBXTargetDependency section */
		91764999204331FB005E9A3E /* PBXTargetDependency */ = {
			isa = PBXTargetDependency;
			target = 91764982204331FB005E9A3E /* BowlingGame */;
			targetProxy = 91764998204331FB005E9A3E /* PBXContainerItemProxy */;
		};
/* End PBXTargetDependency section */

/* Begin PBXVariantGroup section */
		9176498A204331FB005E9A3E /* Main.storyboard */ = {
			isa = PBXVariantGroup;
			children = (
				9176498B204331FB005E9A3E /* Base */,
			);
			name = Main.storyboard;
			sourceTree = "<group>";
		};
		9176498F204331FB005E9A3E /* LaunchScreen.storyboard */ = {
			isa = PBXVariantGroup;
			children = (
				91764990204331FB005E9A3E /* Base */,
			);
			name = LaunchScreen.storyboard;
			sourceTree = "<group>";
		};
/* End PBXVariantGroup section */

/* Begin XCBuildConfiguration section */
		9176499E204331FB005E9A3E /* Debug */ = {
			isa = XCBuildConfiguration;
			buildSettings = {
				ALWAYS_SEARCH_USER_PATHS = NO;
				CLANG_ANALYZER_NONNULL = YES;
				CLANG_ANALYZER_NUMBER_OBJECT_CONVERSION = YES_AGGRESSIVE;
				CLANG_CXX_LANGUAGE_STANDARD = "gnu++14";
				CLANG_CXX_LIBRARY = "libc++";
				CLANG_ENABLE_MODULES = YES;
				CLANG_ENABLE_OBJC_ARC = YES;
				CLANG_WARN_BLOCK_CAPTURE_AUTORELEASING = YES;
				CLANG_WARN_BOOL_CONVERSION = YES;
				CLANG_WARN_COMMA = YES;
				CLANG_WARN_CONSTANT_CONVERSION = YES;
				CLANG_WARN_DIRECT_OBJC_ISA_USAGE = YES_ERROR;
				CLANG_WARN_DOCUMENTATION_COMMENTS = YES;
				CLANG_WARN_EMPTY_BODY = YES;
				CLANG_WARN_ENUM_CONVERSION = YES;
				CLANG_WARN_INFINITE_RECURSION = YES;
				CLANG_WARN_INT_CONVERSION = YES;
				CLANG_WARN_NON_LITERAL_NULL_CONVERSION = YES;
				CLANG_WARN_OBJC_LITERAL_CONVERSION = YES;
				CLANG_WARN_OBJC_ROOT_CLASS = YES_ERROR;
				CLANG_WARN_RANGE_LOOP_ANALYSIS = YES;
				CLANG_WARN_STRICT_PROTOTYPES = YES;
				CLANG_WARN_SUSPICIOUS_MOVE = YES;
				CLANG_WARN_UNGUARDED_AVAILABILITY = YES_AGGRESSIVE;
				CLANG_WARN_UNREACHABLE_CODE = YES;
				CLANG_WARN__DUPLICATE_METHOD_MATCH = YES;
				CODE_SIGN_IDENTITY = "iPhone Developer";
				COPY_PHASE_STRIP = NO;
				DEBUG_INFORMATION_FORMAT = dwarf;
				ENABLE_STRICT_OBJC_MSGSEND = YES;
				ENABLE_TESTABILITY = YES;
				GCC_C_LANGUAGE_STANDARD = gnu11;
				GCC_DYNAMIC_NO_PIC = NO;
				GCC_NO_COMMON_BLOCKS = YES;
				GCC_OPTIMIZATION_LEVEL = 0;
				GCC_PREPROCESSOR_DEFINITIONS = (
					"DEBUG=1",
					"$(inherited)",
				);
				GCC_WARN_64_TO_32_BIT_CONVERSION = YES;
				GCC_WARN_ABOUT_RETURN_TYPE = YES_ERROR;
				GCC_WARN_UNDECLARED_SELECTOR = YES;
				GCC_WARN_UNINITIALIZED_AUTOS = YES_AGGRESSIVE;
				GCC_WARN_UNUSED_FUNCTION = YES;
				GCC_WARN_UNUSED_VARIABLE = YES;
				IPHONEOS_DEPLOYMENT_TARGET = 11.2;
				MTL_ENABLE_DEBUG_INFO = YES;
				ONLY_ACTIVE_ARCH = YES;
				SDKROOT = iphoneos;
				SWIFT_ACTIVE_COMPILATION_CONDITIONS = DEBUG;
				SWIFT_OPTIMIZATION_LEVEL = "-Onone";
			};
			name = Debug;
		};
		9176499F204331FB005E9A3E /* Release */ = {
			isa = XCBuildConfiguration;
			buildSettings = {
				ALWAYS_SEARCH_USER_PATHS = NO;
				CLANG_ANALYZER_NONNULL = YES;
				CLANG_ANALYZER_NUMBER_OBJECT_CONVERSION = YES_AGGRESSIVE;
				CLANG_CXX_LANGUAGE_STANDARD = "gnu++14";
				CLANG_CXX_LIBRARY = "libc++";
				CLANG_ENABLE_MODULES = YES;
				CLANG_ENABLE_OBJC_ARC = YES;
				CLANG_WARN_BLOCK_CAPTURE_AUTORELEASING = YES;
				CLANG_WARN_BOOL_CONVERSION = YES;
				CLANG_WARN_COMMA = YES;
				CLANG_WARN_CONSTANT_CONVERSION = YES;
				CLANG_WARN_DIRECT_OBJC_ISA_USAGE = YES_ERROR;
				CLANG_WARN_DOCUMENTATION_COMMENTS = YES;
				CLANG_WARN_EMPTY_BODY = YES;
				CLANG_WARN_ENUM_CONVERSION = YES;
				CLANG_WARN_INFINITE_RECURSION = YES;
				CLANG_WARN_INT_CONVERSION = YES;
				CLANG_WARN_NON_LITERAL_NULL_CONVERSION = YES;
				CLANG_WARN_OBJC_LITERAL_CONVERSION = YES;
				CLANG_WARN_OBJC_ROOT_CLASS = YES_ERROR;
				CLANG_WARN_RANGE_LOOP_ANALYSIS = YES;
				CLANG_WARN_STRICT_PROTOTYPES = YES;
				CLANG_WARN_SUSPICIOUS_MOVE = YES;
				CLANG_WARN_UNGUARDED_AVAILABILITY = YES_AGGRESSIVE;
				CLANG_WARN_UNREACHABLE_CODE = YES;
				CLANG_WARN__DUPLICATE_METHOD_MATCH = YES;
				CODE_SIGN_IDENTITY = "iPhone Developer";
				COPY_PHASE_STRIP = NO;
				DEBUG_INFORMATION_FORMAT = "dwarf-with-dsym";
				ENABLE_NS_ASSERTIONS = NO;
				ENABLE_STRICT_OBJC_MSGSEND = YES;
				GCC_C_LANGUAGE_STANDARD = gnu11;
				GCC_NO_COMMON_BLOCKS = YES;
				GCC_WARN_64_TO_32_BIT_CONVERSION = YES;
				GCC_WARN_ABOUT_RETURN_TYPE = YES_ERROR;
				GCC_WARN_UNDECLARED_SELECTOR = YES;
				GCC_WARN_UNINITIALIZED_AUTOS = YES_AGGRESSIVE;
				GCC_WARN_UNUSED_FUNCTION = YES;
				GCC_WARN_UNUSED_VARIABLE = YES;
				IPHONEOS_DEPLOYMENT_TARGET = 11.2;
				MTL_ENABLE_DEBUG_INFO = NO;
				SDKROOT = iphoneos;
				SWIFT_OPTIMIZATION_LEVEL = "-Owholemodule";
				VALIDATE_PRODUCT = YES;
			};
			name = Release;
		};
		917649A1204331FB005E9A3E /* Debug */ = {
			isa = XCBuildConfiguration;
			buildSettings = {
				ASSETCATALOG_COMPILER_APPICON_NAME = AppIcon;
				CODE_SIGN_STYLE = Automatic;
				INFOPLIST_FILE = BowlingGame/Info.plist;
				LD_RUNPATH_SEARCH_PATHS = "$(inherited) @executable_path/Frameworks";
				PRODUCT_BUNDLE_IDENTIFIER = yongwoo.BowlingGame;
				PRODUCT_NAME = "$(TARGET_NAME)";
				SWIFT_VERSION = 4.0;
				TARGETED_DEVICE_FAMILY = "1,2";
			};
			name = Debug;
		};
		917649A2204331FB005E9A3E /* Release */ = {
			isa = XCBuildConfiguration;
			buildSettings = {
				ASSETCATALOG_COMPILER_APPICON_NAME = AppIcon;
				CODE_SIGN_STYLE = Automatic;
				INFOPLIST_FILE = BowlingGame/Info.plist;
				LD_RUNPATH_SEARCH_PATHS = "$(inherited) @executable_path/Frameworks";
				PRODUCT_BUNDLE_IDENTIFIER = yongwoo.BowlingGame;
				PRODUCT_NAME = "$(TARGET_NAME)";
				SWIFT_VERSION = 4.0;
				TARGETED_DEVICE_FAMILY = "1,2";
			};
			name = Release;
		};
		917649A4204331FB005E9A3E /* Debug */ = {
			isa = XCBuildConfiguration;
			buildSettings = {
				ALWAYS_EMBED_SWIFT_STANDARD_LIBRARIES = YES;
				BUNDLE_LOADER = "$(TEST_HOST)";
				CODE_SIGN_STYLE = Automatic;
				INFOPLIST_FILE = BowlingGameTests/Info.plist;
				LD_RUNPATH_SEARCH_PATHS = "$(inherited) @executable_path/Frameworks @loader_path/Frameworks";
				PRODUCT_BUNDLE_IDENTIFIER = yongwoo.BowlingGameTests;
				PRODUCT_NAME = "$(TARGET_NAME)";
				SWIFT_VERSION = 4.0;
				TARGETED_DEVICE_FAMILY = "1,2";
				TEST_HOST = "$(BUILT_PRODUCTS_DIR)/BowlingGame.app/BowlingGame";
			};
			name = Debug;
		};
		917649A5204331FB005E9A3E /* Release */ = {
			isa = XCBuildConfiguration;
			buildSettings = {
				ALWAYS_EMBED_SWIFT_STANDARD_LIBRARIES = YES;
				BUNDLE_LOADER = "$(TEST_HOST)";
				CODE_SIGN_STYLE = Automatic;
				INFOPLIST_FILE = BowlingGameTests/Info.plist;
				LD_RUNPATH_SEARCH_PATHS = "$(inherited) @executable_path/Frameworks @loader_path/Frameworks";
				PRODUCT_BUNDLE_IDENTIFIER = yongwoo.BowlingGameTests;
				PRODUCT_NAME = "$(TARGET_NAME)";
				SWIFT_VERSION = 4.0;
				TARGETED_DEVICE_FAMILY = "1,2";
				TEST_HOST = "$(BUILT_PRODUCTS_DIR)/BowlingGame.app/BowlingGame";
			};
			name = Release;
		};
/* End XCBuildConfiguration section */

/* Begin XCConfigurationList section */
		9176497E204331FB005E9A3E /* Build configuration list for PBXProject "BowlingGame" */ = {
			isa = XCConfigurationList;
			buildConfigurations = (
				9176499E204331FB005E9A3E /* Debug */,
				9176499F204331FB005E9A3E /* Release */,
			);
			defaultConfigurationIsVisible = 0;
			defaultConfigurationName = Release;
		};
		917649A0204331FB005E9A3E /* Build configuration list for PBXNativeTarget "BowlingGame" */ = {
			isa = XCConfigurationList;
			buildConfigurations = (
				917649A1204331FB005E9A3E /* Debug */,
				917649A2204331FB005E9A3E /* Release */,
			);
			defaultConfigurationIsVisible = 0;
			defaultConfigurationName = Release;
		};
		917649A3204331FB005E9A3E /* Build configuration list for PBXNativeTarget "BowlingGameTests" */ = {
			isa = XCConfigurationList;
			buildConfigurations = (
				917649A4204331FB005E9A3E /* Debug */,
				917649A5204331FB005E9A3E /* Release */,
			);
			defaultConfigurationIsVisible = 0;
			defaultConfigurationName = Release;
		};
/* End XCConfigurationList section */
	};
	rootObject = 9176497B204331FB005E9A3E /* Project object */;
}
